
Microsoft Visual Studio Solution File, Format Version 12.00
# Visual Studio 2012
Project("{FAE04EC0-301F-11D3-BF4B-00C04F79EFBC}") = "MarblesGameApp.WinRT", "MarblesGameApp.WinRT\MarblesGameApp.WinRT.csproj", "{185FDD83-F0B2-43BC-85AB-0C9CEC24BB04}"
	ProjectSection(ProjectDependencies) = postProject
		{420B7D9D-2D23-442C-9EE9-03178E6420A8} = {420B7D9D-2D23-442C-9EE9-03178E6420A8}
	EndProjectSection
EndProject
Project("{2150E333-8FDC-42A3-9474-1A3956D46DE8}") = "Content", "Content", "{9D4075BB-312D-4C4C-911A-F849E9624735}"
EndProject
Project("{FAE04EC0-301F-11D3-BF4B-00C04F79EFBC}") = "GameContent", "Content\GameContent\GameContent.contentproj", "{477E1C52-DACB-4ADA-9A07-4A46289E0343}"
EndProject
Project("{2150E333-8FDC-42A3-9474-1A3956D46DE8}") = "ContentPipeline", "ContentPipeline", "{181B93A5-15EC-4F33-AED5-D06FB030532F}"
EndProject
Project("{FAE04EC0-301F-11D3-BF4B-00C04F79EFBC}") = "DummyGameLib", "Content\DummyGameLib\DummyGameLib.csproj", "{420B7D9D-2D23-442C-9EE9-03178E6420A8}"
EndProject
Project("{FAE04EC0-301F-11D3-BF4B-00C04F79EFBC}") = "Marbles.UI", "Marbles.UI\Marbles.UI.csproj", "{85A0A16B-6E2D-40C2-8ED9-C07BBB8683CF}"
EndProject
Project("{FAE04EC0-301F-11D3-BF4B-00C04F79EFBC}") = "Marbles.Core", "Marbles.Core\Marbles.Core.csproj", "{12D9F00A-1EB9-4BDC-BBAC-11AA5B56B818}"
EndProject
Project("{FAE04EC0-301F-11D3-BF4B-00C04F79EFBC}") = "CustomContentPipeline.Model.Windows", "..\..\..\..\Roboblob\ContentPipeline\CustomContentPipeline.Model.Windows\CustomContentPipeline.Model.Windows.csproj", "{01A3BA8E-D71F-49BA-AECE-224DE64EB85C}"
EndProject
Project("{FAE04EC0-301F-11D3-BF4B-00C04F79EFBC}") = "CustomContentPipeline.Model.WinRT", "..\..\..\..\Roboblob\ContentPipeline\CustomContentPipeline.Model.WinRT\CustomContentPipeline.Model.WinRT.csproj", "{76614B32-8C40-4A9F-9C27-80422614AF5E}"
EndProject
Project("{FAE04EC0-301F-11D3-BF4B-00C04F79EFBC}") = "CustomContentPipelineExtensions", "..\..\..\..\Roboblob\ContentPipeline\CustomContentPipelineExtensions\CustomContentPipelineExtensions.csproj", "{202596C5-576F-4F38-ABB4-1B170D8ECCC0}"
EndProject
Project("{2150E333-8FDC-42A3-9474-1A3956D46DE8}") = "Roboblob", "Roboblob", "{03F97573-9956-49D7-8D82-0CA34FE31932}"
EndProject
Project("{FAE04EC0-301F-11D3-BF4B-00C04F79EFBC}") = "Roboblob.Core.WinRT", "..\..\..\..\Roboblob\Roboblob.Core.WinRT\Roboblob.Core.WinRT.csproj", "{C592AE0D-FC9E-4C39-A1A1-43099B296F26}"
EndProject
Project("{FAE04EC0-301F-11D3-BF4B-00C04F79EFBC}") = "Roboblob.DependencyInjection.WinRT", "..\..\..\..\Roboblob\Roboblob.DependencyInjection.WinRT\Roboblob.DependencyInjection.WinRT.csproj", "{2F629B54-6E3D-4BEA-9B98-DBBC7DD3B486}"
EndProject
Project("{FAE04EC0-301F-11D3-BF4B-00C04F79EFBC}") = "Roboblob.GameEntitySystem.WinRT", "..\..\..\..\Roboblob\Roboblob.GameEntitySystem.WinRT\Roboblob.GameEntitySystem.WinRT.csproj", "{46826CA0-1747-46EA-958D-A28FEBE87828}"
EndProject
Project("{FAE04EC0-301F-11D3-BF4B-00C04F79EFBC}") = "Roboblob.MVVM.WinRT", "..\..\..\..\Roboblob\Roboblob.MVVM.WinRT\Roboblob.MVVM.WinRT.csproj", "{3671DB03-E1F4-4EF6-99BD-17B7010ECCA4}"
EndProject
Project("{FAE04EC0-301F-11D3-BF4B-00C04F79EFBC}") = "Roboblob.ParticleSystem.WinRT", "..\..\..\..\Roboblob\Roboblob.ParticleSystem.WinRT\Roboblob.ParticleSystem.WinRT.csproj", "{1D747081-DFDC-40F1-9CEE-69DADFA794D4}"
EndProject
Project("{FAE04EC0-301F-11D3-BF4B-00C04F79EFBC}") = "Roboblob.XNA.WinRT", "..\..\..\..\Roboblob\Roboblob.XNA.WinRT\Roboblob.XNA.WinRT.csproj", "{5A5F9DC2-23F4-4BDB-AD07-54A154DA1025}"
EndProject
Global
	GlobalSection(SolutionConfigurationPlatforms) = preSolution
		Debug|Any CPU = Debug|Any CPU
		Debug|ARM = Debug|ARM
		Debug|Mixed Platforms = Debug|Mixed Platforms
		Debug|Windows Phone = Debug|Windows Phone
		Debug|x64 = Debug|x64
		Debug|x86 = Debug|x86
		Release|Any CPU = Release|Any CPU
		Release|ARM = Release|ARM
		Release|Mixed Platforms = Release|Mixed Platforms
		Release|Windows Phone = Release|Windows Phone
		Release|x64 = Release|x64
		Release|x86 = Release|x86
		TrialTest|Any CPU = TrialTest|Any CPU
		TrialTest|ARM = TrialTest|ARM
		TrialTest|Mixed Platforms = TrialTest|Mixed Platforms
		TrialTest|Windows Phone = TrialTest|Windows Phone
		TrialTest|x64 = TrialTest|x64
		TrialTest|x86 = TrialTest|x86
	EndGlobalSection
	GlobalSection(ProjectConfigurationPlatforms) = postSolution
		{185FDD83-F0B2-43BC-85AB-0C9CEC24BB04}.Debug|Any CPU.ActiveCfg = Debug|Any CPU
		{185FDD83-F0B2-43BC-85AB-0C9CEC24BB04}.Debug|Any CPU.Build.0 = Debug|Any CPU
		{185FDD83-F0B2-43BC-85AB-0C9CEC24BB04}.Debug|Any CPU.Deploy.0 = Debug|Any CPU
		{185FDD83-F0B2-43BC-85AB-0C9CEC24BB04}.Debug|ARM.ActiveCfg = Debug|ARM
		{185FDD83-F0B2-43BC-85AB-0C9CEC24BB04}.Debug|ARM.Build.0 = Debug|ARM
		{185FDD83-F0B2-43BC-85AB-0C9CEC24BB04}.Debug|ARM.Deploy.0 = Debug|ARM
		{185FDD83-F0B2-43BC-85AB-0C9CEC24BB04}.Debug|Mixed Platforms.ActiveCfg = Debug|Any CPU
		{185FDD83-F0B2-43BC-85AB-0C9CEC24BB04}.Debug|Mixed Platforms.Build.0 = Debug|Any CPU
		{185FDD83-F0B2-43BC-85AB-0C9CEC24BB04}.Debug|Mixed Platforms.Deploy.0 = Debug|Any CPU
		{185FDD83-F0B2-43BC-85AB-0C9CEC24BB04}.Debug|Windows Phone.ActiveCfg = Debug|Any CPU
		{185FDD83-F0B2-43BC-85AB-0C9CEC24BB04}.Debug|x64.ActiveCfg = Debug|x64
		{185FDD83-F0B2-43BC-85AB-0C9CEC24BB04}.Debug|x64.Build.0 = Debug|x64
		{185FDD83-F0B2-43BC-85AB-0C9CEC24BB04}.Debug|x64.Deploy.0 = Debug|x64
		{185FDD83-F0B2-43BC-85AB-0C9CEC24BB04}.Debug|x86.ActiveCfg = Debug|x86
		{185FDD83-F0B2-43BC-85AB-0C9CEC24BB04}.Debug|x86.Build.0 = Debug|x86
		{185FDD83-F0B2-43BC-85AB-0C9CEC24BB04}.Debug|x86.Deploy.0 = Debug|x86
		{185FDD83-F0B2-43BC-85AB-0C9CEC24BB04}.Release|Any CPU.ActiveCfg = Release|Any CPU
		{185FDD83-F0B2-43BC-85AB-0C9CEC24BB04}.Release|Any CPU.Build.0 = Release|Any CPU
		{185FDD83-F0B2-43BC-85AB-0C9CEC24BB04}.Release|Any CPU.Deploy.0 = Release|Any CPU
		{185FDD83-F0B2-43BC-85AB-0C9CEC24BB04}.Release|ARM.ActiveCfg = Release|ARM
		{185FDD83-F0B2-43BC-85AB-0C9CEC24BB04}.Release|ARM.Build.0 = Release|ARM
		{185FDD83-F0B2-43BC-85AB-0C9CEC24BB04}.Release|ARM.Deploy.0 = Release|ARM
		{185FDD83-F0B2-43BC-85AB-0C9CEC24BB04}.Release|Mixed Platforms.ActiveCfg = Release|Any CPU
		{185FDD83-F0B2-43BC-85AB-0C9CEC24BB04}.Release|Mixed Platforms.Build.0 = Release|Any CPU
		{185FDD83-F0B2-43BC-85AB-0C9CEC24BB04}.Release|Mixed Platforms.Deploy.0 = Release|Any CPU
		{185FDD83-F0B2-43BC-85AB-0C9CEC24BB04}.Release|Windows Phone.ActiveCfg = Release|Any CPU
		{185FDD83-F0B2-43BC-85AB-0C9CEC24BB04}.Release|x64.ActiveCfg = Release|x64
		{185FDD83-F0B2-43BC-85AB-0C9CEC24BB04}.Release|x64.Build.0 = Release|x64
		{185FDD83-F0B2-43BC-85AB-0C9CEC24BB04}.Release|x64.Deploy.0 = Release|x64
		{185FDD83-F0B2-43BC-85AB-0C9CEC24BB04}.Release|x86.ActiveCfg = Release|x86
		{185FDD83-F0B2-43BC-85AB-0C9CEC24BB04}.Release|x86.Build.0 = Release|x86
		{185FDD83-F0B2-43BC-85AB-0C9CEC24BB04}.Release|x86.Deploy.0 = Release|x86
		{185FDD83-F0B2-43BC-85AB-0C9CEC24BB04}.TrialTest|Any CPU.ActiveCfg = Release|Any CPU
		{185FDD83-F0B2-43BC-85AB-0C9CEC24BB04}.TrialTest|Any CPU.Build.0 = Release|Any CPU
		{185FDD83-F0B2-43BC-85AB-0C9CEC24BB04}.TrialTest|Any CPU.Deploy.0 = Release|Any CPU
		{185FDD83-F0B2-43BC-85AB-0C9CEC24BB04}.TrialTest|ARM.ActiveCfg = Release|ARM
		{185FDD83-F0B2-43BC-85AB-0C9CEC24BB04}.TrialTest|ARM.Build.0 = Release|ARM
		{185FDD83-F0B2-43BC-85AB-0C9CEC24BB04}.TrialTest|ARM.Deploy.0 = Release|ARM
		{185FDD83-F0B2-43BC-85AB-0C9CEC24BB04}.TrialTest|Mixed Platforms.ActiveCfg = Release|x86
		{185FDD83-F0B2-43BC-85AB-0C9CEC24BB04}.TrialTest|Mixed Platforms.Build.0 = Release|x86
		{185FDD83-F0B2-43BC-85AB-0C9CEC24BB04}.TrialTest|Mixed Platforms.Deploy.0 = Release|x86
		{185FDD83-F0B2-43BC-85AB-0C9CEC24BB04}.TrialTest|Windows Phone.ActiveCfg = Release|Any CPU
		{185FDD83-F0B2-43BC-85AB-0C9CEC24BB04}.TrialTest|x64.ActiveCfg = Release|x64
		{185FDD83-F0B2-43BC-85AB-0C9CEC24BB04}.TrialTest|x64.Build.0 = Release|x64
		{185FDD83-F0B2-43BC-85AB-0C9CEC24BB04}.TrialTest|x64.Deploy.0 = Release|x64
		{185FDD83-F0B2-43BC-85AB-0C9CEC24BB04}.TrialTest|x86.ActiveCfg = Release|x86
		{185FDD83-F0B2-43BC-85AB-0C9CEC24BB04}.TrialTest|x86.Build.0 = Release|x86
		{185FDD83-F0B2-43BC-85AB-0C9CEC24BB04}.TrialTest|x86.Deploy.0 = Release|x86
		{477E1C52-DACB-4ADA-9A07-4A46289E0343}.Debug|Any CPU.ActiveCfg = Debug|Any CPU
		{477E1C52-DACB-4ADA-9A07-4A46289E0343}.Debug|ARM.ActiveCfg = Debug|Any CPU
		{477E1C52-DACB-4ADA-9A07-4A46289E0343}.Debug|Mixed Platforms.ActiveCfg = Debug|Any CPU
		{477E1C52-DACB-4ADA-9A07-4A46289E0343}.Debug|Windows Phone.ActiveCfg = Debug|Any CPU
		{477E1C52-DACB-4ADA-9A07-4A46289E0343}.Debug|x64.ActiveCfg = Debug|Any CPU
		{477E1C52-DACB-4ADA-9A07-4A46289E0343}.Debug|x86.ActiveCfg = Debug|Any CPU
		{477E1C52-DACB-4ADA-9A07-4A46289E0343}.Release|Any CPU.ActiveCfg = Debug|Any CPU
		{477E1C52-DACB-4ADA-9A07-4A46289E0343}.Release|ARM.ActiveCfg = Debug|Any CPU
		{477E1C52-DACB-4ADA-9A07-4A46289E0343}.Release|Mixed Platforms.ActiveCfg = Debug|Any CPU
		{477E1C52-DACB-4ADA-9A07-4A46289E0343}.Release|Windows Phone.ActiveCfg = Debug|Any CPU
		{477E1C52-DACB-4ADA-9A07-4A46289E0343}.Release|x64.ActiveCfg = Debug|Any CPU
		{477E1C52-DACB-4ADA-9A07-4A46289E0343}.Release|x86.ActiveCfg = Debug|Any CPU
		{477E1C52-DACB-4ADA-9A07-4A46289E0343}.TrialTest|Any CPU.ActiveCfg = Debug|Any CPU
		{477E1C52-DACB-4ADA-9A07-4A46289E0343}.TrialTest|ARM.ActiveCfg = Debug|Any CPU
		{477E1C52-DACB-4ADA-9A07-4A46289E0343}.TrialTest|Mixed Platforms.ActiveCfg = Debug|Any CPU
		{477E1C52-DACB-4ADA-9A07-4A46289E0343}.TrialTest|Windows Phone.ActiveCfg = Debug|Any CPU
		{477E1C52-DACB-4ADA-9A07-4A46289E0343}.TrialTest|x64.ActiveCfg = Debug|Any CPU
		{477E1C52-DACB-4ADA-9A07-4A46289E0343}.TrialTest|x86.ActiveCfg = Debug|Any CPU
		{420B7D9D-2D23-442C-9EE9-03178E6420A8}.Debug|Any CPU.ActiveCfg = Debug|Windows Phone
		{420B7D9D-2D23-442C-9EE9-03178E6420A8}.Debug|Any CPU.Build.0 = Debug|Windows Phone
		{420B7D9D-2D23-442C-9EE9-03178E6420A8}.Debug|ARM.ActiveCfg = Debug|Windows Phone
		{420B7D9D-2D23-442C-9EE9-03178E6420A8}.Debug|Mixed Platforms.ActiveCfg = Debug|Windows Phone
		{420B7D9D-2D23-442C-9EE9-03178E6420A8}.Debug|Mixed Platforms.Build.0 = Debug|Windows Phone
		{420B7D9D-2D23-442C-9EE9-03178E6420A8}.Debug|Windows Phone.ActiveCfg = Debug|Windows Phone
		{420B7D9D-2D23-442C-9EE9-03178E6420A8}.Debug|Windows Phone.Build.0 = Debug|Windows Phone
		{420B7D9D-2D23-442C-9EE9-03178E6420A8}.Debug|x64.ActiveCfg = Debug|Windows Phone
		{420B7D9D-2D23-442C-9EE9-03178E6420A8}.Debug|x86.ActiveCfg = Debug|Windows Phone
		{420B7D9D-2D23-442C-9EE9-03178E6420A8}.Debug|x86.Build.0 = Debug|Windows Phone
		{420B7D9D-2D23-442C-9EE9-03178E6420A8}.Release|Any CPU.ActiveCfg = Release|Windows Phone
		{420B7D9D-2D23-442C-9EE9-03178E6420A8}.Release|ARM.ActiveCfg = Release|Windows Phone
		{420B7D9D-2D23-442C-9EE9-03178E6420A8}.Release|Mixed Platforms.ActiveCfg = Release|Windows Phone
		{420B7D9D-2D23-442C-9EE9-03178E6420A8}.Release|Mixed Platforms.Build.0 = Release|Windows Phone
		{420B7D9D-2D23-442C-9EE9-03178E6420A8}.Release|Windows Phone.ActiveCfg = Release|Windows Phone
		{420B7D9D-2D23-442C-9EE9-03178E6420A8}.Release|Windows Phone.Build.0 = Release|Windows Phone
		{420B7D9D-2D23-442C-9EE9-03178E6420A8}.Release|x64.ActiveCfg = Release|Windows Phone
		{420B7D9D-2D23-442C-9EE9-03178E6420A8}.Release|x86.ActiveCfg = Release|Windows Phone
		{420B7D9D-2D23-442C-9EE9-03178E6420A8}.Release|x86.Build.0 = Release|Windows Phone
		{420B7D9D-2D23-442C-9EE9-03178E6420A8}.TrialTest|Any CPU.ActiveCfg = Release|Windows Phone
		{420B7D9D-2D23-442C-9EE9-03178E6420A8}.TrialTest|ARM.ActiveCfg = Release|Windows Phone
		{420B7D9D-2D23-442C-9EE9-03178E6420A8}.TrialTest|Mixed Platforms.ActiveCfg = Release|Windows Phone
		{420B7D9D-2D23-442C-9EE9-03178E6420A8}.TrialTest|Mixed Platforms.Build.0 = Release|Windows Phone
		{420B7D9D-2D23-442C-9EE9-03178E6420A8}.TrialTest|Windows Phone.ActiveCfg = Release|Windows Phone
		{420B7D9D-2D23-442C-9EE9-03178E6420A8}.TrialTest|Windows Phone.Build.0 = Release|Windows Phone
		{420B7D9D-2D23-442C-9EE9-03178E6420A8}.TrialTest|x64.ActiveCfg = Release|Windows Phone
		{420B7D9D-2D23-442C-9EE9-03178E6420A8}.TrialTest|x86.ActiveCfg = Release|Windows Phone
		{85A0A16B-6E2D-40C2-8ED9-C07BBB8683CF}.Debug|Any CPU.ActiveCfg = Debug|Any CPU
		{85A0A16B-6E2D-40C2-8ED9-C07BBB8683CF}.Debug|Any CPU.Build.0 = Debug|Any CPU
		{85A0A16B-6E2D-40C2-8ED9-C07BBB8683CF}.Debug|ARM.ActiveCfg = Debug|ARM
		{85A0A16B-6E2D-40C2-8ED9-C07BBB8683CF}.Debug|ARM.Build.0 = Debug|ARM
		{85A0A16B-6E2D-40C2-8ED9-C07BBB8683CF}.Debug|Mixed Platforms.ActiveCfg = Debug|Any CPU
		{85A0A16B-6E2D-40C2-8ED9-C07BBB8683CF}.Debug|Mixed Platforms.Build.0 = Debug|Any CPU
		{85A0A16B-6E2D-40C2-8ED9-C07BBB8683CF}.Debug|Windows Phone.ActiveCfg = Debug|Any CPU
		{85A0A16B-6E2D-40C2-8ED9-C07BBB8683CF}.Debug|x64.ActiveCfg = Debug|x64
		{85A0A16B-6E2D-40C2-8ED9-C07BBB8683CF}.Debug|x64.Build.0 = Debug|x64
		{85A0A16B-6E2D-40C2-8ED9-C07BBB8683CF}.Debug|x86.ActiveCfg = Debug|x86
		{85A0A16B-6E2D-40C2-8ED9-C07BBB8683CF}.Debug|x86.Build.0 = Debug|x86
		{85A0A16B-6E2D-40C2-8ED9-C07BBB8683CF}.Release|Any CPU.ActiveCfg = Release|Any CPU
		{85A0A16B-6E2D-40C2-8ED9-C07BBB8683CF}.Release|Any CPU.Build.0 = Release|Any CPU
		{85A0A16B-6E2D-40C2-8ED9-C07BBB8683CF}.Release|ARM.ActiveCfg = Release|ARM
		{85A0A16B-6E2D-40C2-8ED9-C07BBB8683CF}.Release|ARM.Build.0 = Release|ARM
		{85A0A16B-6E2D-40C2-8ED9-C07BBB8683CF}.Release|Mixed Platforms.ActiveCfg = Release|Any CPU
		{85A0A16B-6E2D-40C2-8ED9-C07BBB8683CF}.Release|Mixed Platforms.Build.0 = Release|Any CPU
		{85A0A16B-6E2D-40C2-8ED9-C07BBB8683CF}.Release|Windows Phone.ActiveCfg = Release|Any CPU
		{85A0A16B-6E2D-40C2-8ED9-C07BBB8683CF}.Release|x64.ActiveCfg = Release|x64
		{85A0A16B-6E2D-40C2-8ED9-C07BBB8683CF}.Release|x64.Build.0 = Release|x64
		{85A0A16B-6E2D-40C2-8ED9-C07BBB8683CF}.Release|x86.ActiveCfg = Release|x86
		{85A0A16B-6E2D-40C2-8ED9-C07BBB8683CF}.Release|x86.Build.0 = Release|x86
		{85A0A16B-6E2D-40C2-8ED9-C07BBB8683CF}.TrialTest|Any CPU.ActiveCfg = Release|Any CPU
		{85A0A16B-6E2D-40C2-8ED9-C07BBB8683CF}.TrialTest|Any CPU.Build.0 = Release|Any CPU
		{85A0A16B-6E2D-40C2-8ED9-C07BBB8683CF}.TrialTest|ARM.ActiveCfg = Release|ARM
		{85A0A16B-6E2D-40C2-8ED9-C07BBB8683CF}.TrialTest|ARM.Build.0 = Release|ARM
		{85A0A16B-6E2D-40C2-8ED9-C07BBB8683CF}.TrialTest|Mixed Platforms.ActiveCfg = Release|x86
		{85A0A16B-6E2D-40C2-8ED9-C07BBB8683CF}.TrialTest|Mixed Platforms.Build.0 = Release|x86
		{85A0A16B-6E2D-40C2-8ED9-C07BBB8683CF}.TrialTest|Windows Phone.ActiveCfg = Release|Any CPU
		{85A0A16B-6E2D-40C2-8ED9-C07BBB8683CF}.TrialTest|x64.ActiveCfg = Release|x64
		{85A0A16B-6E2D-40C2-8ED9-C07BBB8683CF}.TrialTest|x64.Build.0 = Release|x64
		{85A0A16B-6E2D-40C2-8ED9-C07BBB8683CF}.TrialTest|x86.ActiveCfg = Release|x86
		{85A0A16B-6E2D-40C2-8ED9-C07BBB8683CF}.TrialTest|x86.Build.0 = Release|x86
		{12D9F00A-1EB9-4BDC-BBAC-11AA5B56B818}.Debug|Any CPU.ActiveCfg = Debug|Any CPU
		{12D9F00A-1EB9-4BDC-BBAC-11AA5B56B818}.Debug|Any CPU.Build.0 = Debug|Any CPU
		{12D9F00A-1EB9-4BDC-BBAC-11AA5B56B818}.Debug|ARM.ActiveCfg = Debug|ARM
		{12D9F00A-1EB9-4BDC-BBAC-11AA5B56B818}.Debug|ARM.Build.0 = Debug|ARM
		{12D9F00A-1EB9-4BDC-BBAC-11AA5B56B818}.Debug|Mixed Platforms.ActiveCfg = Debug|Any CPU
		{12D9F00A-1EB9-4BDC-BBAC-11AA5B56B818}.Debug|Mixed Platforms.Build.0 = Debug|Any CPU
		{12D9F00A-1EB9-4BDC-BBAC-11AA5B56B818}.Debug|Windows Phone.ActiveCfg = Debug|Any CPU
		{12D9F00A-1EB9-4BDC-BBAC-11AA5B56B818}.Debug|x64.ActiveCfg = Debug|x64
		{12D9F00A-1EB9-4BDC-BBAC-11AA5B56B818}.Debug|x64.Build.0 = Debug|x64
		{12D9F00A-1EB9-4BDC-BBAC-11AA5B56B818}.Debug|x86.ActiveCfg = Debug|x86
		{12D9F00A-1EB9-4BDC-BBAC-11AA5B56B818}.Debug|x86.Build.0 = Debug|x86
		{12D9F00A-1EB9-4BDC-BBAC-11AA5B56B818}.Release|Any CPU.ActiveCfg = Release|Any CPU
		{12D9F00A-1EB9-4BDC-BBAC-11AA5B56B818}.Release|Any CPU.Build.0 = Release|Any CPU
		{12D9F00A-1EB9-4BDC-BBAC-11AA5B56B818}.Release|ARM.ActiveCfg = Release|ARM
		{12D9F00A-1EB9-4BDC-BBAC-11AA5B56B818}.Release|ARM.Build.0 = Release|ARM
		{12D9F00A-1EB9-4BDC-BBAC-11AA5B56B818}.Release|Mixed Platforms.ActiveCfg = Release|Any CPU
		{12D9F00A-1EB9-4BDC-BBAC-11AA5B56B818}.Release|Mixed Platforms.Build.0 = Release|Any CPU
		{12D9F00A-1EB9-4BDC-BBAC-11AA5B56B818}.Release|Windows Phone.ActiveCfg = Release|Any CPU
		{12D9F00A-1EB9-4BDC-BBAC-11AA5B56B818}.Release|x64.ActiveCfg = Release|x64
		{12D9F00A-1EB9-4BDC-BBAC-11AA5B56B818}.Release|x64.Build.0 = Release|x64
		{12D9F00A-1EB9-4BDC-BBAC-11AA5B56B818}.Release|x86.ActiveCfg = Release|x86
		{12D9F00A-1EB9-4BDC-BBAC-11AA5B56B818}.Release|x86.Build.0 = Release|x86
		{12D9F00A-1EB9-4BDC-BBAC-11AA5B56B818}.TrialTest|Any CPU.ActiveCfg = Release|Any CPU
		{12D9F00A-1EB9-4BDC-BBAC-11AA5B56B818}.TrialTest|Any CPU.Build.0 = Release|Any CPU
		{12D9F00A-1EB9-4BDC-BBAC-11AA5B56B818}.TrialTest|ARM.ActiveCfg = Release|ARM
		{12D9F00A-1EB9-4BDC-BBAC-11AA5B56B818}.TrialTest|ARM.Build.0 = Release|ARM
		{12D9F00A-1EB9-4BDC-BBAC-11AA5B56B818}.TrialTest|Mixed Platforms.ActiveCfg = Release|x86
		{12D9F00A-1EB9-4BDC-BBAC-11AA5B56B818}.TrialTest|Mixed Platforms.Build.0 = Release|x86
		{12D9F00A-1EB9-4BDC-BBAC-11AA5B56B818}.TrialTest|Windows Phone.ActiveCfg = Release|Any CPU
		{12D9F00A-1EB9-4BDC-BBAC-11AA5B56B818}.TrialTest|x64.ActiveCfg = Release|x64
		{12D9F00A-1EB9-4BDC-BBAC-11AA5B56B818}.TrialTest|x64.Build.0 = Release|x64
		{12D9F00A-1EB9-4BDC-BBAC-11AA5B56B818}.TrialTest|x86.ActiveCfg = Release|x86
		{12D9F00A-1EB9-4BDC-BBAC-11AA5B56B818}.TrialTest|x86.Build.0 = Release|x86
		{01A3BA8E-D71F-49BA-AECE-224DE64EB85C}.Debug|Any CPU.ActiveCfg = Debug|Any CPU
		{01A3BA8E-D71F-49BA-AECE-224DE64EB85C}.Debug|Any CPU.Build.0 = Debug|Any CPU
		{01A3BA8E-D71F-49BA-AECE-224DE64EB85C}.Debug|ARM.ActiveCfg = Debug|Any CPU
		{01A3BA8E-D71F-49BA-AECE-224DE64EB85C}.Debug|Mixed Platforms.ActiveCfg = Debug|x86
		{01A3BA8E-D71F-49BA-AECE-224DE64EB85C}.Debug|Mixed Platforms.Build.0 = Debug|x86
		{01A3BA8E-D71F-49BA-AECE-224DE64EB85C}.Debug|Windows Phone.ActiveCfg = Debug|Any CPU
		{01A3BA8E-D71F-49BA-AECE-224DE64EB85C}.Debug|x64.ActiveCfg = Debug|Any CPU
		{01A3BA8E-D71F-49BA-AECE-224DE64EB85C}.Debug|x86.ActiveCfg = Debug|x86
		{01A3BA8E-D71F-49BA-AECE-224DE64EB85C}.Debug|x86.Build.0 = Debug|x86
		{01A3BA8E-D71F-49BA-AECE-224DE64EB85C}.Release|Any CPU.ActiveCfg = Release|Any CPU
		{01A3BA8E-D71F-49BA-AECE-224DE64EB85C}.Release|Any CPU.Build.0 = Release|Any CPU
		{01A3BA8E-D71F-49BA-AECE-224DE64EB85C}.Release|ARM.ActiveCfg = Release|Any CPU
		{01A3BA8E-D71F-49BA-AECE-224DE64EB85C}.Release|Mixed Platforms.ActiveCfg = Release|x86
		{01A3BA8E-D71F-49BA-AECE-224DE64EB85C}.Release|Mixed Platforms.Build.0 = Release|x86
		{01A3BA8E-D71F-49BA-AECE-224DE64EB85C}.Release|Windows Phone.ActiveCfg = Release|Any CPU
		{01A3BA8E-D71F-49BA-AECE-224DE64EB85C}.Release|x64.ActiveCfg = Release|Any CPU
		{01A3BA8E-D71F-49BA-AECE-224DE64EB85C}.Release|x86.ActiveCfg = Release|x86
		{01A3BA8E-D71F-49BA-AECE-224DE64EB85C}.Release|x86.Build.0 = Release|x86
		{01A3BA8E-D71F-49BA-AECE-224DE64EB85C}.TrialTest|Any CPU.ActiveCfg = Release|Any CPU
		{01A3BA8E-D71F-49BA-AECE-224DE64EB85C}.TrialTest|Any CPU.Build.0 = Release|Any CPU
		{01A3BA8E-D71F-49BA-AECE-224DE64EB85C}.TrialTest|ARM.ActiveCfg = Release|Any CPU
		{01A3BA8E-D71F-49BA-AECE-224DE64EB85C}.TrialTest|Mixed Platforms.ActiveCfg = Release|x86
		{01A3BA8E-D71F-49BA-AECE-224DE64EB85C}.TrialTest|Mixed Platforms.Build.0 = Release|x86
		{01A3BA8E-D71F-49BA-AECE-224DE64EB85C}.TrialTest|Windows Phone.ActiveCfg = Release|Any CPU
		{01A3BA8E-D71F-49BA-AECE-224DE64EB85C}.TrialTest|x64.ActiveCfg = Release|Any CPU
		{01A3BA8E-D71F-49BA-AECE-224DE64EB85C}.TrialTest|x86.ActiveCfg = Release|x86
		{01A3BA8E-D71F-49BA-AECE-224DE64EB85C}.TrialTest|x86.Build.0 = Release|x86
		{76614B32-8C40-4A9F-9C27-80422614AF5E}.Debug|Any CPU.ActiveCfg = Debug|Any CPU
		{76614B32-8C40-4A9F-9C27-80422614AF5E}.Debug|Any CPU.Build.0 = Debug|Any CPU
		{76614B32-8C40-4A9F-9C27-80422614AF5E}.Debug|ARM.ActiveCfg = Debug|ARM
		{76614B32-8C40-4A9F-9C27-80422614AF5E}.Debug|ARM.Build.0 = Debug|ARM
		{76614B32-8C40-4A9F-9C27-80422614AF5E}.Debug|Mixed Platforms.ActiveCfg = Debug|Any CPU
		{76614B32-8C40-4A9F-9C27-80422614AF5E}.Debug|Mixed Platforms.Build.0 = Debug|Any CPU
		{76614B32-8C40-4A9F-9C27-80422614AF5E}.Debug|Windows Phone.ActiveCfg = Debug|Any CPU
		{76614B32-8C40-4A9F-9C27-80422614AF5E}.Debug|x64.ActiveCfg = Debug|x64
		{76614B32-8C40-4A9F-9C27-80422614AF5E}.Debug|x64.Build.0 = Debug|x64
		{76614B32-8C40-4A9F-9C27-80422614AF5E}.Debug|x86.ActiveCfg = Debug|x86
		{76614B32-8C40-4A9F-9C27-80422614AF5E}.Debug|x86.Build.0 = Debug|x86
		{76614B32-8C40-4A9F-9C27-80422614AF5E}.Release|Any CPU.ActiveCfg = Release|Any CPU
		{76614B32-8C40-4A9F-9C27-80422614AF5E}.Release|Any CPU.Build.0 = Release|Any CPU
		{76614B32-8C40-4A9F-9C27-80422614AF5E}.Release|ARM.ActiveCfg = Release|ARM
		{76614B32-8C40-4A9F-9C27-80422614AF5E}.Release|ARM.Build.0 = Release|ARM
		{76614B32-8C40-4A9F-9C27-80422614AF5E}.Release|Mixed Platforms.ActiveCfg = Release|x86
		{76614B32-8C40-4A9F-9C27-80422614AF5E}.Release|Mixed Platforms.Build.0 = Release|x86
		{76614B32-8C40-4A9F-9C27-80422614AF5E}.Release|Windows Phone.ActiveCfg = Release|Any CPU
		{76614B32-8C40-4A9F-9C27-80422614AF5E}.Release|x64.ActiveCfg = Release|x64
		{76614B32-8C40-4A9F-9C27-80422614AF5E}.Release|x64.Build.0 = Release|x64
		{76614B32-8C40-4A9F-9C27-80422614AF5E}.Release|x86.ActiveCfg = Release|x86
		{76614B32-8C40-4A9F-9C27-80422614AF5E}.Release|x86.Build.0 = Release|x86
		{76614B32-8C40-4A9F-9C27-80422614AF5E}.TrialTest|Any CPU.ActiveCfg = Release|Any CPU
		{76614B32-8C40-4A9F-9C27-80422614AF5E}.TrialTest|Any CPU.Build.0 = Release|Any CPU
		{76614B32-8C40-4A9F-9C27-80422614AF5E}.TrialTest|ARM.ActiveCfg = Release|ARM
		{76614B32-8C40-4A9F-9C27-80422614AF5E}.TrialTest|ARM.Build.0 = Release|ARM
		{76614B32-8C40-4A9F-9C27-80422614AF5E}.TrialTest|Mixed Platforms.ActiveCfg = Release|x86
		{76614B32-8C40-4A9F-9C27-80422614AF5E}.TrialTest|Mixed Platforms.Build.0 = Release|x86
		{76614B32-8C40-4A9F-9C27-80422614AF5E}.TrialTest|Windows Phone.ActiveCfg = Release|Any CPU
		{76614B32-8C40-4A9F-9C27-80422614AF5E}.TrialTest|x64.ActiveCfg = Release|x64
		{76614B32-8C40-4A9F-9C27-80422614AF5E}.TrialTest|x64.Build.0 = Release|x64
		{76614B32-8C40-4A9F-9C27-80422614AF5E}.TrialTest|x86.ActiveCfg = Release|x86
		{76614B32-8C40-4A9F-9C27-80422614AF5E}.TrialTest|x86.Build.0 = Release|x86
		{202596C5-576F-4F38-ABB4-1B170D8ECCC0}.Debug|Any CPU.ActiveCfg = Debug|Any CPU
		{202596C5-576F-4F38-ABB4-1B170D8ECCC0}.Debug|Any CPU.Build.0 = Debug|Any CPU
		{202596C5-576F-4F38-ABB4-1B170D8ECCC0}.Debug|ARM.ActiveCfg = Debug|Any CPU
		{202596C5-576F-4F38-ABB4-1B170D8ECCC0}.Debug|Mixed Platforms.ActiveCfg = Debug|x86
		{202596C5-576F-4F38-ABB4-1B170D8ECCC0}.Debug|Mixed Platforms.Build.0 = Debug|x86
		{202596C5-576F-4F38-ABB4-1B170D8ECCC0}.Debug|Windows Phone.ActiveCfg = Debug|Any CPU
		{202596C5-576F-4F38-ABB4-1B170D8ECCC0}.Debug|x64.ActiveCfg = Debug|Any CPU
		{202596C5-576F-4F38-ABB4-1B170D8ECCC0}.Debug|x86.ActiveCfg = Debug|x86
		{202596C5-576F-4F38-ABB4-1B170D8ECCC0}.Debug|x86.Build.0 = Debug|x86
		{202596C5-576F-4F38-ABB4-1B170D8ECCC0}.Release|Any CPU.ActiveCfg = Release|Any CPU
		{202596C5-576F-4F38-ABB4-1B170D8ECCC0}.Release|Any CPU.Build.0 = Release|Any CPU
		{202596C5-576F-4F38-ABB4-1B170D8ECCC0}.Release|ARM.ActiveCfg = Release|Any CPU
		{202596C5-576F-4F38-ABB4-1B170D8ECCC0}.Release|Mixed Platforms.ActiveCfg = Release|x86
		{202596C5-576F-4F38-ABB4-1B170D8ECCC0}.Release|Mixed Platforms.Build.0 = Release|x86
		{202596C5-576F-4F38-ABB4-1B170D8ECCC0}.Release|Windows Phone.ActiveCfg = Release|Any CPU
		{202596C5-576F-4F38-ABB4-1B170D8ECCC0}.Release|x64.ActiveCfg = Release|Any CPU
		{202596C5-576F-4F38-ABB4-1B170D8ECCC0}.Release|x86.ActiveCfg = Release|x86
		{202596C5-576F-4F38-ABB4-1B170D8ECCC0}.Release|x86.Build.0 = Release|x86
		{202596C5-576F-4F38-ABB4-1B170D8ECCC0}.TrialTest|Any CPU.ActiveCfg = Release|Any CPU
		{202596C5-576F-4F38-ABB4-1B170D8ECCC0}.TrialTest|Any CPU.Build.0 = Release|Any CPU
		{202596C5-576F-4F38-ABB4-1B170D8ECCC0}.TrialTest|ARM.ActiveCfg = Release|Any CPU
		{202596C5-576F-4F38-ABB4-1B170D8ECCC0}.TrialTest|Mixed Platforms.ActiveCfg = Release|x86
		{202596C5-576F-4F38-ABB4-1B170D8ECCC0}.TrialTest|Mixed Platforms.Build.0 = Release|x86
		{202596C5-576F-4F38-ABB4-1B170D8ECCC0}.TrialTest|Windows Phone.ActiveCfg = Release|Any CPU
		{202596C5-576F-4F38-ABB4-1B170D8ECCC0}.TrialTest|x64.ActiveCfg = Release|Any CPU
		{202596C5-576F-4F38-ABB4-1B170D8ECCC0}.TrialTest|x86.ActiveCfg = Release|x86
		{202596C5-576F-4F38-ABB4-1B170D8ECCC0}.TrialTest|x86.Build.0 = Release|x86
		{C592AE0D-FC9E-4C39-A1A1-43099B296F26}.Debug|Any CPU.ActiveCfg = Debug|Any CPU
		{C592AE0D-FC9E-4C39-A1A1-43099B296F26}.Debug|Any CPU.Build.0 = Debug|Any CPU
		{C592AE0D-FC9E-4C39-A1A1-43099B296F26}.Debug|ARM.ActiveCfg = Debug|ARM
		{C592AE0D-FC9E-4C39-A1A1-43099B296F26}.Debug|ARM.Build.0 = Debug|ARM
		{C592AE0D-FC9E-4C39-A1A1-43099B296F26}.Debug|Mixed Platforms.ActiveCfg = Debug|Any CPU
		{C592AE0D-FC9E-4C39-A1A1-43099B296F26}.Debug|Mixed Platforms.Build.0 = Debug|Any CPU
		{C592AE0D-FC9E-4C39-A1A1-43099B296F26}.Debug|Windows Phone.ActiveCfg = Debug|Any CPU
		{C592AE0D-FC9E-4C39-A1A1-43099B296F26}.Debug|x64.ActiveCfg = Debug|x64
		{C592AE0D-FC9E-4C39-A1A1-43099B296F26}.Debug|x64.Build.0 = Debug|x64
		{C592AE0D-FC9E-4C39-A1A1-43099B296F26}.Debug|x86.ActiveCfg = Debug|x86
		{C592AE0D-FC9E-4C39-A1A1-43099B296F26}.Debug|x86.Build.0 = Debug|x86
		{C592AE0D-FC9E-4C39-A1A1-43099B296F26}.Release|Any CPU.ActiveCfg = Release|Any CPU
		{C592AE0D-FC9E-4C39-A1A1-43099B296F26}.Release|Any CPU.Build.0 = Release|Any CPU
		{C592AE0D-FC9E-4C39-A1A1-43099B296F26}.Release|ARM.ActiveCfg = Release|ARM
		{C592AE0D-FC9E-4C39-A1A1-43099B296F26}.Release|ARM.Build.0 = Release|ARM
		{C592AE0D-FC9E-4C39-A1A1-43099B296F26}.Release|Mixed Platforms.ActiveCfg = Release|x86
		{C592AE0D-FC9E-4C39-A1A1-43099B296F26}.Release|Mixed Platforms.Build.0 = Release|x86
		{C592AE0D-FC9E-4C39-A1A1-43099B296F26}.Release|Windows Phone.ActiveCfg = Release|Any CPU
		{C592AE0D-FC9E-4C39-A1A1-43099B296F26}.Release|x64.ActiveCfg = Release|x64
		{C592AE0D-FC9E-4C39-A1A1-43099B296F26}.Release|x64.Build.0 = Release|x64
		{C592AE0D-FC9E-4C39-A1A1-43099B296F26}.Release|x86.ActiveCfg = Release|x86
		{C592AE0D-FC9E-4C39-A1A1-43099B296F26}.Release|x86.Build.0 = Release|x86
		{C592AE0D-FC9E-4C39-A1A1-43099B296F26}.TrialTest|Any CPU.ActiveCfg = TrialTest|Any CPU
		{C592AE0D-FC9E-4C39-A1A1-43099B296F26}.TrialTest|Any CPU.Build.0 = TrialTest|Any CPU
		{C592AE0D-FC9E-4C39-A1A1-43099B296F26}.TrialTest|ARM.ActiveCfg = TrialTest|ARM
		{C592AE0D-FC9E-4C39-A1A1-43099B296F26}.TrialTest|ARM.Build.0 = TrialTest|ARM
		{C592AE0D-FC9E-4C39-A1A1-43099B296F26}.TrialTest|Mixed Platforms.ActiveCfg = TrialTest|x86
		{C592AE0D-FC9E-4C39-A1A1-43099B296F26}.TrialTest|Mixed Platforms.Build.0 = TrialTest|x86
		{C592AE0D-FC9E-4C39-A1A1-43099B296F26}.TrialTest|Windows Phone.ActiveCfg = TrialTest|Any CPU
		{C592AE0D-FC9E-4C39-A1A1-43099B296F26}.TrialTest|x64.ActiveCfg = TrialTest|x64
		{C592AE0D-FC9E-4C39-A1A1-43099B296F26}.TrialTest|x64.Build.0 = TrialTest|x64
		{C592AE0D-FC9E-4C39-A1A1-43099B296F26}.TrialTest|x86.ActiveCfg = TrialTest|x86
		{C592AE0D-FC9E-4C39-A1A1-43099B296F26}.TrialTest|x86.Build.0 = TrialTest|x86
		{2F629B54-6E3D-4BEA-9B98-DBBC7DD3B486}.Debug|Any CPU.ActiveCfg = Debug|Any CPU
		{2F629B54-6E3D-4BEA-9B98-DBBC7DD3B486}.Debug|Any CPU.Build.0 = Debug|Any CPU
		{2F629B54-6E3D-4BEA-9B98-DBBC7DD3B486}.Debug|ARM.ActiveCfg = Debug|ARM
		{2F629B54-6E3D-4BEA-9B98-DBBC7DD3B486}.Debug|ARM.Build.0 = Debug|ARM
		{2F629B54-6E3D-4BEA-9B98-DBBC7DD3B486}.Debug|Mixed Platforms.ActiveCfg = Debug|Any CPU
		{2F629B54-6E3D-4BEA-9B98-DBBC7DD3B486}.Debug|Mixed Platforms.Build.0 = Debug|Any CPU
		{2F629B54-6E3D-4BEA-9B98-DBBC7DD3B486}.Debug|Windows Phone.ActiveCfg = Debug|Any CPU
		{2F629B54-6E3D-4BEA-9B98-DBBC7DD3B486}.Debug|x64.ActiveCfg = Debug|x64
		{2F629B54-6E3D-4BEA-9B98-DBBC7DD3B486}.Debug|x64.Build.0 = Debug|x64
		{2F629B54-6E3D-4BEA-9B98-DBBC7DD3B486}.Debug|x86.ActiveCfg = Debug|x86
		{2F629B54-6E3D-4BEA-9B98-DBBC7DD3B486}.Debug|x86.Build.0 = Debug|x86
		{2F629B54-6E3D-4BEA-9B98-DBBC7DD3B486}.Release|Any CPU.ActiveCfg = Release|Any CPU
		{2F629B54-6E3D-4BEA-9B98-DBBC7DD3B486}.Release|Any CPU.Build.0 = Release|Any CPU
		{2F629B54-6E3D-4BEA-9B98-DBBC7DD3B486}.Release|ARM.ActiveCfg = Release|ARM
		{2F629B54-6E3D-4BEA-9B98-DBBC7DD3B486}.Release|ARM.Build.0 = Release|ARM
		{2F629B54-6E3D-4BEA-9B98-DBBC7DD3B486}.Release|Mixed Platforms.ActiveCfg = Release|x86
		{2F629B54-6E3D-4BEA-9B98-DBBC7DD3B486}.Release|Mixed Platforms.Build.0 = Release|x86
		{2F629B54-6E3D-4BEA-9B98-DBBC7DD3B486}.Release|Windows Phone.ActiveCfg = Release|Any CPU
		{2F629B54-6E3D-4BEA-9B98-DBBC7DD3B486}.Release|x64.ActiveCfg = Release|x64
		{2F629B54-6E3D-4BEA-9B98-DBBC7DD3B486}.Release|x64.Build.0 = Release|x64
		{2F629B54-6E3D-4BEA-9B98-DBBC7DD3B486}.Release|x86.ActiveCfg = Release|x86
		{2F629B54-6E3D-4BEA-9B98-DBBC7DD3B486}.Release|x86.Build.0 = Release|x86
		{2F629B54-6E3D-4BEA-9B98-DBBC7DD3B486}.TrialTest|Any CPU.ActiveCfg = TrialTest|Any CPU
		{2F629B54-6E3D-4BEA-9B98-DBBC7DD3B486}.TrialTest|Any CPU.Build.0 = TrialTest|Any CPU
		{2F629B54-6E3D-4BEA-9B98-DBBC7DD3B486}.TrialTest|ARM.ActiveCfg = TrialTest|ARM
		{2F629B54-6E3D-4BEA-9B98-DBBC7DD3B486}.TrialTest|ARM.Build.0 = TrialTest|ARM
		{2F629B54-6E3D-4BEA-9B98-DBBC7DD3B486}.TrialTest|Mixed Platforms.ActiveCfg = TrialTest|x86
		{2F629B54-6E3D-4BEA-9B98-DBBC7DD3B486}.TrialTest|Mixed Platforms.Build.0 = TrialTest|x86
		{2F629B54-6E3D-4BEA-9B98-DBBC7DD3B486}.TrialTest|Windows Phone.ActiveCfg = TrialTest|Any CPU
		{2F629B54-6E3D-4BEA-9B98-DBBC7DD3B486}.TrialTest|x64.ActiveCfg = TrialTest|x64
		{2F629B54-6E3D-4BEA-9B98-DBBC7DD3B486}.TrialTest|x64.Build.0 = TrialTest|x64
		{2F629B54-6E3D-4BEA-9B98-DBBC7DD3B486}.TrialTest|x86.ActiveCfg = TrialTest|x86
		{2F629B54-6E3D-4BEA-9B98-DBBC7DD3B486}.TrialTest|x86.Build.0 = TrialTest|x86
		{46826CA0-1747-46EA-958D-A28FEBE87828}.Debug|Any CPU.ActiveCfg = Debug|Any CPU
		{46826CA0-1747-46EA-958D-A28FEBE87828}.Debug|Any CPU.Build.0 = Debug|Any CPU
		{46826CA0-1747-46EA-958D-A28FEBE87828}.Debug|ARM.ActiveCfg = Debug|ARM
		{46826CA0-1747-46EA-958D-A28FEBE87828}.Debug|ARM.Build.0 = Debug|ARM
		{46826CA0-1747-46EA-958D-A28FEBE87828}.Debug|Mixed Platforms.ActiveCfg = Debug|Any CPU
		{46826CA0-1747-46EA-958D-A28FEBE87828}.Debug|Mixed Platforms.Build.0 = Debug|Any CPU
		{46826CA0-1747-46EA-958D-A28FEBE87828}.Debug|Windows Phone.ActiveCfg = Debug|Any CPU
		{46826CA0-1747-46EA-958D-A28FEBE87828}.Debug|x64.ActiveCfg = Debug|x64
		{46826CA0-1747-46EA-958D-A28FEBE87828}.Debug|x64.Build.0 = Debug|x64
		{46826CA0-1747-46EA-958D-A28FEBE87828}.Debug|x86.ActiveCfg = Debug|x86
		{46826CA0-1747-46EA-958D-A28FEBE87828}.Debug|x86.Build.0 = Debug|x86
		{46826CA0-1747-46EA-958D-A28FEBE87828}.Release|Any CPU.ActiveCfg = Release|Any CPU
		{46826CA0-1747-46EA-958D-A28FEBE87828}.Release|Any CPU.Build.0 = Release|Any CPU
		{46826CA0-1747-46EA-958D-A28FEBE87828}.Release|ARM.ActiveCfg = Release|ARM
		{46826CA0-1747-46EA-958D-A28FEBE87828}.Release|ARM.Build.0 = Release|ARM
		{46826CA0-1747-46EA-958D-A28FEBE87828}.Release|Mixed Platforms.ActiveCfg = Release|x86
		{46826CA0-1747-46EA-958D-A28FEBE87828}.Release|Mixed Platforms.Build.0 = Release|x86
		{46826CA0-1747-46EA-958D-A28FEBE87828}.Release|Windows Phone.ActiveCfg = Release|Any CPU
		{46826CA0-1747-46EA-958D-A28FEBE87828}.Release|x64.ActiveCfg = Release|x64
		{46826CA0-1747-46EA-958D-A28FEBE87828}.Release|x64.Build.0 = Release|x64
		{46826CA0-1747-46EA-958D-A28FEBE87828}.Release|x86.ActiveCfg = Release|x86
		{46826CA0-1747-46EA-958D-A28FEBE87828}.Release|x86.Build.0 = Release|x86
		{46826CA0-1747-46EA-958D-A28FEBE87828}.TrialTest|Any CPU.ActiveCfg = Release|Any CPU
		{46826CA0-1747-46EA-958D-A28FEBE87828}.TrialTest|Any CPU.Build.0 = Release|Any CPU
		{46826CA0-1747-46EA-958D-A28FEBE87828}.TrialTest|ARM.ActiveCfg = Release|ARM
		{46826CA0-1747-46EA-958D-A28FEBE87828}.TrialTest|ARM.Build.0 = Release|ARM
		{46826CA0-1747-46EA-958D-A28FEBE87828}.TrialTest|Mixed Platforms.ActiveCfg = Release|x86
		{46826CA0-1747-46EA-958D-A28FEBE87828}.TrialTest|Mixed Platforms.Build.0 = Release|x86
		{46826CA0-1747-46EA-958D-A28FEBE87828}.TrialTest|Windows Phone.ActiveCfg = Release|Any CPU
		{46826CA0-1747-46EA-958D-A28FEBE87828}.TrialTest|x64.ActiveCfg = Release|x64
		{46826CA0-1747-46EA-958D-A28FEBE87828}.TrialTest|x64.Build.0 = Release|x64
		{46826CA0-1747-46EA-958D-A28FEBE87828}.TrialTest|x86.ActiveCfg = Release|x86
		{46826CA0-1747-46EA-958D-A28FEBE87828}.TrialTest|x86.Build.0 = Release|x86
		{3671DB03-E1F4-4EF6-99BD-17B7010ECCA4}.Debug|Any CPU.ActiveCfg = Debug|Any CPU
		{3671DB03-E1F4-4EF6-99BD-17B7010ECCA4}.Debug|Any CPU.Build.0 = Debug|Any CPU
		{3671DB03-E1F4-4EF6-99BD-17B7010ECCA4}.Debug|ARM.ActiveCfg = Debug|ARM
		{3671DB03-E1F4-4EF6-99BD-17B7010ECCA4}.Debug|ARM.Build.0 = Debug|ARM
		{3671DB03-E1F4-4EF6-99BD-17B7010ECCA4}.Debug|Mixed Platforms.ActiveCfg = Debug|Any CPU
		{3671DB03-E1F4-4EF6-99BD-17B7010ECCA4}.Debug|Mixed Platforms.Build.0 = Debug|Any CPU
		{3671DB03-E1F4-4EF6-99BD-17B7010ECCA4}.Debug|Windows Phone.ActiveCfg = Debug|Any CPU
		{3671DB03-E1F4-4EF6-99BD-17B7010ECCA4}.Debug|x64.ActiveCfg = Debug|x64
		{3671DB03-E1F4-4EF6-99BD-17B7010ECCA4}.Debug|x64.Build.0 = Debug|x64
		{3671DB03-E1F4-4EF6-99BD-17B7010ECCA4}.Debug|x86.ActiveCfg = Debug|x86
		{3671DB03-E1F4-4EF6-99BD-17B7010ECCA4}.Debug|x86.Build.0 = Debug|x86
		{3671DB03-E1F4-4EF6-99BD-17B7010ECCA4}.Release|Any CPU.ActiveCfg = Release|Any CPU
		{3671DB03-E1F4-4EF6-99BD-17B7010ECCA4}.Release|Any CPU.Build.0 = Release|Any CPU
		{3671DB03-E1F4-4EF6-99BD-17B7010ECCA4}.Release|ARM.ActiveCfg = Release|ARM
		{3671DB03-E1F4-4EF6-99BD-17B7010ECCA4}.Release|ARM.Build.0 = Release|ARM
		{3671DB03-E1F4-4EF6-99BD-17B7010ECCA4}.Release|Mixed Platforms.ActiveCfg = Release|x86
		{3671DB03-E1F4-4EF6-99BD-17B7010ECCA4}.Release|Mixed Platforms.Build.0 = Release|x86
		{3671DB03-E1F4-4EF6-99BD-17B7010ECCA4}.Release|Windows Phone.ActiveCfg = Release|Any CPU
		{3671DB03-E1F4-4EF6-99BD-17B7010ECCA4}.Release|x64.ActiveCfg = Release|x64
		{3671DB03-E1F4-4EF6-99BD-17B7010ECCA4}.Release|x64.Build.0 = Release|x64
		{3671DB03-E1F4-4EF6-99BD-17B7010ECCA4}.Release|x86.ActiveCfg = Release|x86
		{3671DB03-E1F4-4EF6-99BD-17B7010ECCA4}.Release|x86.Build.0 = Release|x86
		{3671DB03-E1F4-4EF6-99BD-17B7010ECCA4}.TrialTest|Any CPU.ActiveCfg = TrialTest|Any CPU
		{3671DB03-E1F4-4EF6-99BD-17B7010ECCA4}.TrialTest|Any CPU.Build.0 = TrialTest|Any CPU
		{3671DB03-E1F4-4EF6-99BD-17B7010ECCA4}.TrialTest|ARM.ActiveCfg = TrialTest|ARM
		{3671DB03-E1F4-4EF6-99BD-17B7010ECCA4}.TrialTest|ARM.Build.0 = TrialTest|ARM
		{3671DB03-E1F4-4EF6-99BD-17B7010ECCA4}.TrialTest|Mixed Platforms.ActiveCfg = TrialTest|x86
		{3671DB03-E1F4-4EF6-99BD-17B7010ECCA4}.TrialTest|Mixed Platforms.Build.0 = TrialTest|x86
		{3671DB03-E1F4-4EF6-99BD-17B7010ECCA4}.TrialTest|Windows Phone.ActiveCfg = TrialTest|Any CPU
		{3671DB03-E1F4-4EF6-99BD-17B7010ECCA4}.TrialTest|x64.ActiveCfg = TrialTest|x64
		{3671DB03-E1F4-4EF6-99BD-17B7010ECCA4}.TrialTest|x64.Build.0 = TrialTest|x64
		{3671DB03-E1F4-4EF6-99BD-17B7010ECCA4}.TrialTest|x86.ActiveCfg = TrialTest|x86
		{3671DB03-E1F4-4EF6-99BD-17B7010ECCA4}.TrialTest|x86.Build.0 = TrialTest|x86
		{1D747081-DFDC-40F1-9CEE-69DADFA794D4}.Debug|Any CPU.ActiveCfg = Debug|Any CPU
		{1D747081-DFDC-40F1-9CEE-69DADFA794D4}.Debug|Any CPU.Build.0 = Debug|Any CPU
		{1D747081-DFDC-40F1-9CEE-69DADFA794D4}.Debug|ARM.ActiveCfg = Debug|ARM
		{1D747081-DFDC-40F1-9CEE-69DADFA794D4}.Debug|ARM.Build.0 = Debug|ARM
		{1D747081-DFDC-40F1-9CEE-69DADFA794D4}.Debug|Mixed Platforms.ActiveCfg = Debug|Any CPU
		{1D747081-DFDC-40F1-9CEE-69DADFA794D4}.Debug|Mixed Platforms.Build.0 = Debug|Any CPU
		{1D747081-DFDC-40F1-9CEE-69DADFA794D4}.Debug|Windows Phone.ActiveCfg = Debug|Any CPU
		{1D747081-DFDC-40F1-9CEE-69DADFA794D4}.Debug|x64.ActiveCfg = Debug|x64
		{1D747081-DFDC-40F1-9CEE-69DADFA794D4}.Debug|x64.Build.0 = Debug|x64
		{1D747081-DFDC-40F1-9CEE-69DADFA794D4}.Debug|x86.ActiveCfg = Debug|x86
		{1D747081-DFDC-40F1-9CEE-69DADFA794D4}.Debug|x86.Build.0 = Debug|x86
		{1D747081-DFDC-40F1-9CEE-69DADFA794D4}.Release|Any CPU.ActiveCfg = Release|Any CPU
		{1D747081-DFDC-40F1-9CEE-69DADFA794D4}.Release|Any CPU.Build.0 = Release|Any CPU
		{1D747081-DFDC-40F1-9CEE-69DADFA794D4}.Release|ARM.ActiveCfg = Release|ARM
		{1D747081-DFDC-40F1-9CEE-69DADFA794D4}.Release|ARM.Build.0 = Release|ARM
		{1D747081-DFDC-40F1-9CEE-69DADFA794D4}.Release|Mixed Platforms.ActiveCfg = Release|x86
		{1D747081-DFDC-40F1-9CEE-69DADFA794D4}.Release|Mixed Platforms.Build.0 = Release|x86
		{1D747081-DFDC-40F1-9CEE-69DADFA794D4}.Release|Windows Phone.ActiveCfg = Release|Any CPU
		{1D747081-DFDC-40F1-9CEE-69DADFA794D4}.Release|x64.ActiveCfg = Release|x64
		{1D747081-DFDC-40F1-9CEE-69DADFA794D4}.Release|x64.Build.0 = Release|x64
		{1D747081-DFDC-40F1-9CEE-69DADFA794D4}.Release|x86.ActiveCfg = Release|x86
		{1D747081-DFDC-40F1-9CEE-69DADFA794D4}.Release|x86.Build.0 = Release|x86
		{1D747081-DFDC-40F1-9CEE-69DADFA794D4}.TrialTest|Any CPU.ActiveCfg = Release|Any CPU
		{1D747081-DFDC-40F1-9CEE-69DADFA794D4}.TrialTest|Any CPU.Build.0 = Release|Any CPU
		{1D747081-DFDC-40F1-9CEE-69DADFA794D4}.TrialTest|ARM.ActiveCfg = Release|ARM
		{1D747081-DFDC-40F1-9CEE-69DADFA794D4}.TrialTest|ARM.Build.0 = Release|ARM
		{1D747081-DFDC-40F1-9CEE-69DADFA794D4}.TrialTest|Mixed Platforms.ActiveCfg = Release|x86
		{1D747081-DFDC-40F1-9CEE-69DADFA794D4}.TrialTest|Mixed Platforms.Build.0 = Release|x86
		{1D747081-DFDC-40F1-9CEE-69DADFA794D4}.TrialTest|Windows Phone.ActiveCfg = Release|Any CPU
		{1D747081-DFDC-40F1-9CEE-69DADFA794D4}.TrialTest|x64.ActiveCfg = Release|x64
		{1D747081-DFDC-40F1-9CEE-69DADFA794D4}.TrialTest|x64.Build.0 = Release|x64
		{1D747081-DFDC-40F1-9CEE-69DADFA794D4}.TrialTest|x86.ActiveCfg = Release|x86
		{1D747081-DFDC-40F1-9CEE-69DADFA794D4}.TrialTest|x86.Build.0 = Release|x86
		{5A5F9DC2-23F4-4BDB-AD07-54A154DA1025}.Debug|Any CPU.ActiveCfg = Debug|Any CPU
		{5A5F9DC2-23F4-4BDB-AD07-54A154DA1025}.Debug|Any CPU.Build.0 = Debug|Any CPU
		{5A5F9DC2-23F4-4BDB-AD07-54A154DA1025}.Debug|ARM.ActiveCfg = Debug|ARM
		{5A5F9DC2-23F4-4BDB-AD07-54A154DA1025}.Debug|ARM.Build.0 = Debug|ARM
		{5A5F9DC2-23F4-4BDB-AD07-54A154DA1025}.Debug|Mixed Platforms.ActiveCfg = Debug|Any CPU
		{5A5F9DC2-23F4-4BDB-AD07-54A154DA1025}.Debug|Mixed Platforms.Build.0 = Debug|Any CPU
		{5A5F9DC2-23F4-4BDB-AD07-54A154DA1025}.Debug|Windows Phone.ActiveCfg = Debug|Any CPU
		{5A5F9DC2-23F4-4BDB-AD07-54A154DA1025}.Debug|x64.ActiveCfg = Debug|x64
		{5A5F9DC2-23F4-4BDB-AD07-54A154DA1025}.Debug|x64.Build.0 = Debug|x64
		{5A5F9DC2-23F4-4BDB-AD07-54A154DA1025}.Debug|x86.ActiveCfg = Debug|x86
		{5A5F9DC2-23F4-4BDB-AD07-54A154DA1025}.Debug|x86.Build.0 = Debug|x86
		{5A5F9DC2-23F4-4BDB-AD07-54A154DA1025}.Release|Any CPU.ActiveCfg = Release|Any CPU
		{5A5F9DC2-23F4-4BDB-AD07-54A154DA1025}.Release|Any CPU.Build.0 = Release|Any CPU
		{5A5F9DC2-23F4-4BDB-AD07-54A154DA1025}.Release|ARM.ActiveCfg = Release|ARM
		{5A5F9DC2-23F4-4BDB-AD07-54A154DA1025}.Release|ARM.Build.0 = Release|ARM
		{5A5F9DC2-23F4-4BDB-AD07-54A154DA1025}.Release|Mixed Platforms.ActiveCfg = Release|x86
		{5A5F9DC2-23F4-4BDB-AD07-54A154DA1025}.Release|Mixed Platforms.Build.0 = Release|x86
		{5A5F9DC2-23F4-4BDB-AD07-54A154DA1025}.Release|Windows Phone.ActiveCfg = Release|Any CPU
		{5A5F9DC2-23F4-4BDB-AD07-54A154DA1025}.Release|x64.ActiveCfg = Release|x64
		{5A5F9DC2-23F4-4BDB-AD07-54A154DA1025}.Release|x64.Build.0 = Release|x64
		{5A5F9DC2-23F4-4BDB-AD07-54A154DA1025}.Release|x86.ActiveCfg = Release|x86
		{5A5F9DC2-23F4-4BDB-AD07-54A154DA1025}.Release|x86.Build.0 = Release|x86
		{5A5F9DC2-23F4-4BDB-AD07-54A154DA1025}.TrialTest|Any CPU.ActiveCfg = Release|Any CPU
		{5A5F9DC2-23F4-4BDB-AD07-54A154DA1025}.TrialTest|Any CPU.Build.0 = Release|Any CPU
		{5A5F9DC2-23F4-4BDB-AD07-54A154DA1025}.TrialTest|ARM.ActiveCfg = Release|ARM
		{5A5F9DC2-23F4-4BDB-AD07-54A154DA1025}.TrialTest|ARM.Build.0 = Release|ARM
		{5A5F9DC2-23F4-4BDB-AD07-54A154DA1025}.TrialTest|Mixed Platforms.ActiveCfg = Release|x86
		{5A5F9DC2-23F4-4BDB-AD07-54A154DA1025}.TrialTest|Mixed Platforms.Build.0 = Release|x86
		{5A5F9DC2-23F4-4BDB-AD07-54A154DA1025}.TrialTest|Windows Phone.ActiveCfg = Release|Any CPU
		{5A5F9DC2-23F4-4BDB-AD07-54A154DA1025}.TrialTest|x64.ActiveCfg = Release|x64
		{5A5F9DC2-23F4-4BDB-AD07-54A154DA1025}.TrialTest|x64.Build.0 = Release|x64
		{5A5F9DC2-23F4-4BDB-AD07-54A154DA1025}.TrialTest|x86.ActiveCfg = Release|x86
		{5A5F9DC2-23F4-4BDB-AD07-54A154DA1025}.TrialTest|x86.Build.0 = Release|x86
	EndGlobalSection
	GlobalSection(SolutionProperties) = preSolution
		HideSolutionNode = FALSE
	EndGlobalSection
	GlobalSection(NestedProjects) = preSolution
		{477E1C52-DACB-4ADA-9A07-4A46289E0343} = {9D4075BB-312D-4C4C-911A-F849E9624735}
		{181B93A5-15EC-4F33-AED5-D06FB030532F} = {9D4075BB-312D-4C4C-911A-F849E9624735}
		{420B7D9D-2D23-442C-9EE9-03178E6420A8} = {9D4075BB-312D-4C4C-911A-F849E9624735}
		{01A3BA8E-D71F-49BA-AECE-224DE64EB85C} = {181B93A5-15EC-4F33-AED5-D06FB030532F}
		{76614B32-8C40-4A9F-9C27-80422614AF5E} = {181B93A5-15EC-4F33-AED5-D06FB030532F}
		{202596C5-576F-4F38-ABB4-1B170D8ECCC0} = {181B93A5-15EC-4F33-AED5-D06FB030532F}
		{C592AE0D-FC9E-4C39-A1A1-43099B296F26} = {03F97573-9956-49D7-8D82-0CA34FE31932}
		{2F629B54-6E3D-4BEA-9B98-DBBC7DD3B486} = {03F97573-9956-49D7-8D82-0CA34FE31932}
		{46826CA0-1747-46EA-958D-A28FEBE87828} = {03F97573-9956-49D7-8D82-0CA34FE31932}
		{3671DB03-E1F4-4EF6-99BD-17B7010ECCA4} = {03F97573-9956-49D7-8D82-0CA34FE31932}
		{1D747081-DFDC-40F1-9CEE-69DADFA794D4} = {03F97573-9956-49D7-8D82-0CA34FE31932}
		{5A5F9DC2-23F4-4BDB-AD07-54A154DA1025} = {03F97573-9956-49D7-8D82-0CA34FE31932}
	EndGlobalSection
EndGlobal
